Microsoft Visual Studio Solution File, Format Version 12.00
# Visual Studio Version 17
VisualStudioVersion = 17.5.2.0
MinimumVisualStudioVersion = 10.0.40219.1
Project("{FAE04EC0-301F-11D3-BF4B-00C04F79EFBC}") = "TestLogging", "TestLogging.csproj", "{9AD3E33E-7DFC-6665-7025-82950870A801}"
EndProject
Global
	GlobalSection(SolutionConfigurationPlatforms) = preSolution
		Debug|Any CPU = Debug|Any CPU
		Release|Any CPU = Release|Any CPU
	EndGlobalSection
	GlobalSection(ProjectConfigurationPlatforms) = postSolution
		{9AD3E33E-7DFC-6665-7025-82950870A801}.Debug|Any CPU.ActiveCfg = Debug|Any CPU
		{9AD3E33E-7DFC-6665-7025-82950870A801}.Debug|Any CPU.Build.0 = Debug|Any CPU
		{9AD3E33E-7DFC-6665-7025-82950870A801}.Release|Any CPU.ActiveCfg = Release|Any CPU
		{9AD3E33E-7DFC-6665-7025-82950870A801}.Release|Any CPU.Build.0 = Release|Any CPU
	EndGlobalSection
	GlobalSection(SolutionProperties) = preSolution
		HideSolutionNode = FALSE
	EndGlobalSection
	GlobalSection(ExtensibilityGlobals) = postSolution
		SolutionGuid = {19FBA8FB-DA8F-423B-B23B-BA1D0FE5C1AB}
	EndGlobalSection
EndGlobal
